
Microsoft Visual Studio Solution File, Format Version 12.00
# Visual Studio 15
VisualStudioVersion = 15.0.28307.329
MinimumVisualStudioVersion = 10.0.40219.1
Project("{8BC9CEB8-8B4A-11D0-8D11-00A0C91BC942}") = "Win32CppTut", "Win32CppTut\Win32CppTut.vcxproj", "{B4EDCBC6-382C-45D2-AF6C-7AF8C5AF6503}"
EndProject
Global
	GlobalSection(SolutionConfigurationPlatforms) = preSolution
		Debug|x64 = Debug|x64
		Debug|x86 = Debug|x86
		Release|x64 = Release|x64
		Release|x86 = Release|x86
	EndGlobalSection
	GlobalSection(ProjectConfigurationPlatforms) = postSolution
		{B4EDCBC6-382C-45D2-AF6C-7AF8C5AF6503}.Debug|x64.ActiveCfg = Debug|x64
		{B4EDCBC6-382C-45D2-AF6C-7AF8C5AF6503}.Debug|x64.Build.0 = Debug|x64
		{B4EDCBC6-382C-45D2-AF6C-7AF8C5AF6503}.Debug|x86.ActiveCfg = Debug|Win32
		{B4EDCBC6-382C-45D2-AF6C-7AF8C5AF6503}.Debug|x86.Build.0 = Debug|Win32
		{B4EDCBC6-382C-45D2-AF6C-7AF8C5AF6503}.Release|x64.ActiveCfg = Release|x64
		{B4EDCBC6-382C-45D2-AF6C-7AF8C5AF6503}.Release|x64.Build.0 = Release|x64
		{B4EDCBC6-382C-45D2-AF6C-7AF8C5AF6503}.Release|x86.ActiveCfg = Release|Win32
		{B4EDCBC6-382C-45D2-AF6C-7AF8C5AF6503}.Release|x86.Build.0 = Release|Win32
	EndGlobalSection
	GlobalSection(SolutionProperties) = preSolution
		HideSolutionNode = FALSE
	EndGlobalSection
	GlobalSection(ExtensibilityGlobals) = postSolution
		SolutionGuid = {5844C28F-0B2C-43CC-98E6-EBF6FEEDD3D4}
	EndGlobalSection
EndGlobal
